
Microsoft Visual Studio Solution File, Format Version 12.00
# Visual Studio 15
VisualStudioVersion = 15.0.28307.645
MinimumVisualStudioVersion = 10.0.40219.1
Project("{FAE04EC0-301F-11D3-BF4B-00C04F79EFBC}") = "GalapaGoats", "GalapaGoats.csproj", "{C1BC18E6-4E0C-40B0-BC76-48AA927312B3}"
EndProject
Project("{FAE04EC0-301F-11D3-BF4B-00C04F79EFBC}") = "GalapaGoatsContent", "..\GalapaGoatsContent\GalapaGoatsContent.contentproj", "{D75CF990-26C1-4CFD-B3F4-796326AAA2CE}"
EndProject
Project("{FAE04EC0-301F-11D3-BF4B-00C04F79EFBC}") = "Farseer Physics XNA", "..\Farseer Physics Engine 3.5 Samples\Farseer Physics Engine 3.5 Samples\Farseer Physics Engine 3.5\Farseer Physics XNA.csproj", "{0A850700-1ABB-4288-A391-6726B90EBEB9}"
EndProject
Project("{FAE04EC0-301F-11D3-BF4B-00C04F79EFBC}") = "DebugView XNA", "..\Farseer Physics Engine 3.5 Samples\Farseer Physics Engine 3.5 Samples\Farseer Physics DebugView 3.5\DebugView XNA.csproj", "{FC7845FA-13FE-4FF8-822A-A577F3F59B00}"
EndProject
Project("{FAE04EC0-301F-11D3-BF4B-00C04F79EFBC}") = "DebugView Content", "..\Farseer Physics Engine 3.5 Samples\Farseer Physics Engine 3.5 Samples\Farseer Physics DebugView 3.5\Content\DebugView Content.contentproj", "{AC26EDE1-2A42-4A57-BEEE-9603FCAC9317}"
EndProject
Global
	GlobalSection(SolutionConfigurationPlatforms) = preSolution
		Debug|Any CPU = Debug|Any CPU
		Debug|Mixed Platforms = Debug|Mixed Platforms
		Debug|x86 = Debug|x86
		Debug|Xbox 360 = Debug|Xbox 360
		Release|Any CPU = Release|Any CPU
		Release|Mixed Platforms = Release|Mixed Platforms
		Release|x86 = Release|x86
		Release|Xbox 360 = Release|Xbox 360
	EndGlobalSection
	GlobalSection(ProjectConfigurationPlatforms) = postSolution
		{C1BC18E6-4E0C-40B0-BC76-48AA927312B3}.Debug|Any CPU.ActiveCfg = Debug|x86
		{C1BC18E6-4E0C-40B0-BC76-48AA927312B3}.Debug|Mixed Platforms.ActiveCfg = Debug|x86
		{C1BC18E6-4E0C-40B0-BC76-48AA927312B3}.Debug|Mixed Platforms.Build.0 = Debug|x86
		{C1BC18E6-4E0C-40B0-BC76-48AA927312B3}.Debug|x86.ActiveCfg = Debug|x86
		{C1BC18E6-4E0C-40B0-BC76-48AA927312B3}.Debug|x86.Build.0 = Debug|x86
		{C1BC18E6-4E0C-40B0-BC76-48AA927312B3}.Debug|Xbox 360.ActiveCfg = Debug|x86
		{C1BC18E6-4E0C-40B0-BC76-48AA927312B3}.Debug|Xbox 360.Build.0 = Debug|x86
		{C1BC18E6-4E0C-40B0-BC76-48AA927312B3}.Release|Any CPU.ActiveCfg = Release|x86
		{C1BC18E6-4E0C-40B0-BC76-48AA927312B3}.Release|Mixed Platforms.ActiveCfg = Release|x86
		{C1BC18E6-4E0C-40B0-BC76-48AA927312B3}.Release|Mixed Platforms.Build.0 = Release|x86
		{C1BC18E6-4E0C-40B0-BC76-48AA927312B3}.Release|x86.ActiveCfg = Release|x86
		{C1BC18E6-4E0C-40B0-BC76-48AA927312B3}.Release|x86.Build.0 = Release|x86
		{C1BC18E6-4E0C-40B0-BC76-48AA927312B3}.Release|Xbox 360.ActiveCfg = Release|x86
		{C1BC18E6-4E0C-40B0-BC76-48AA927312B3}.Release|Xbox 360.Build.0 = Release|x86
		{D75CF990-26C1-4CFD-B3F4-796326AAA2CE}.Debug|Any CPU.ActiveCfg = Debug|x86
		{D75CF990-26C1-4CFD-B3F4-796326AAA2CE}.Debug|Mixed Platforms.ActiveCfg = Debug|x86
		{D75CF990-26C1-4CFD-B3F4-796326AAA2CE}.Debug|x86.ActiveCfg = Debug|x86
		{D75CF990-26C1-4CFD-B3F4-796326AAA2CE}.Debug|Xbox 360.ActiveCfg = Debug|x86
		{D75CF990-26C1-4CFD-B3F4-796326AAA2CE}.Release|Any CPU.ActiveCfg = Release|x86
		{D75CF990-26C1-4CFD-B3F4-796326AAA2CE}.Release|Mixed Platforms.ActiveCfg = Release|x86
		{D75CF990-26C1-4CFD-B3F4-796326AAA2CE}.Release|x86.ActiveCfg = Release|x86
		{D75CF990-26C1-4CFD-B3F4-796326AAA2CE}.Release|Xbox 360.ActiveCfg = Release|x86
		{0A850700-1ABB-4288-A391-6726B90EBEB9}.Debug|Any CPU.ActiveCfg = Debug|x86
		{0A850700-1ABB-4288-A391-6726B90EBEB9}.Debug|Mixed Platforms.ActiveCfg = Debug|x86
		{0A850700-1ABB-4288-A391-6726B90EBEB9}.Debug|Mixed Platforms.Build.0 = Debug|x86
		{0A850700-1ABB-4288-A391-6726B90EBEB9}.Debug|x86.ActiveCfg = Debug|x86
		{0A850700-1ABB-4288-A391-6726B90EBEB9}.Debug|x86.Build.0 = Debug|x86
		{0A850700-1ABB-4288-A391-6726B90EBEB9}.Debug|Xbox 360.ActiveCfg = Debug|x86
		{0A850700-1ABB-4288-A391-6726B90EBEB9}.Debug|Xbox 360.Build.0 = Debug|x86
		{0A850700-1ABB-4288-A391-6726B90EBEB9}.Release|Any CPU.ActiveCfg = Release|x86
		{0A850700-1ABB-4288-A391-6726B90EBEB9}.Release|Mixed Platforms.ActiveCfg = Release|x86
		{0A850700-1ABB-4288-A391-6726B90EBEB9}.Release|Mixed Platforms.Build.0 = Release|x86
		{0A850700-1ABB-4288-A391-6726B90EBEB9}.Release|x86.ActiveCfg = Release|x86
		{0A850700-1ABB-4288-A391-6726B90EBEB9}.Release|x86.Build.0 = Release|x86
		{0A850700-1ABB-4288-A391-6726B90EBEB9}.Release|Xbox 360.ActiveCfg = Release|x86
		{0A850700-1ABB-4288-A391-6726B90EBEB9}.Release|Xbox 360.Build.0 = Release|x86
		{FC7845FA-13FE-4FF8-822A-A577F3F59B00}.Debug|Any CPU.ActiveCfg = Debug|x86
		{FC7845FA-13FE-4FF8-822A-A577F3F59B00}.Debug|Mixed Platforms.ActiveCfg = Debug|x86
		{FC7845FA-13FE-4FF8-822A-A577F3F59B00}.Debug|Mixed Platforms.Build.0 = Debug|x86
		{FC7845FA-13FE-4FF8-822A-A577F3F59B00}.Debug|Mixed Platforms.Deploy.0 = Debug|x86
		{FC7845FA-13FE-4FF8-822A-A577F3F59B00}.Debug|x86.ActiveCfg = Debug|x86
		{FC7845FA-13FE-4FF8-822A-A577F3F59B00}.Debug|x86.Build.0 = Debug|x86
		{FC7845FA-13FE-4FF8-822A-A577F3F59B00}.Debug|Xbox 360.ActiveCfg = Debug|x86
		{FC7845FA-13FE-4FF8-822A-A577F3F59B00}.Debug|Xbox 360.Build.0 = Debug|x86
		{FC7845FA-13FE-4FF8-822A-A577F3F59B00}.Release|Any CPU.ActiveCfg = Release|x86
		{FC7845FA-13FE-4FF8-822A-A577F3F59B00}.Release|Mixed Platforms.ActiveCfg = Release|x86
		{FC7845FA-13FE-4FF8-822A-A577F3F59B00}.Release|Mixed Platforms.Build.0 = Release|x86
		{FC7845FA-13FE-4FF8-822A-A577F3F59B00}.Release|x86.ActiveCfg = Release|x86
		{FC7845FA-13FE-4FF8-822A-A577F3F59B00}.Release|x86.Build.0 = Release|x86
		{FC7845FA-13FE-4FF8-822A-A577F3F59B00}.Release|Xbox 360.ActiveCfg = Release|x86
		{FC7845FA-13FE-4FF8-822A-A577F3F59B00}.Release|Xbox 360.Build.0 = Release|x86
		{AC26EDE1-2A42-4A57-BEEE-9603FCAC9317}.Debug|Any CPU.ActiveCfg = Debug|Any CPU
		{AC26EDE1-2A42-4A57-BEEE-9603FCAC9317}.Debug|Mixed Platforms.ActiveCfg = Debug|Any CPU
		{AC26EDE1-2A42-4A57-BEEE-9603FCAC9317}.Debug|x86.ActiveCfg = Debug|Any CPU
		{AC26EDE1-2A42-4A57-BEEE-9603FCAC9317}.Debug|Xbox 360.ActiveCfg = Debug|Any CPU
		{AC26EDE1-2A42-4A57-BEEE-9603FCAC9317}.Release|Any CPU.ActiveCfg = Debug|Any CPU
		{AC26EDE1-2A42-4A57-BEEE-9603FCAC9317}.Release|Mixed Platforms.ActiveCfg = Debug|Any CPU
		{AC26EDE1-2A42-4A57-BEEE-9603FCAC9317}.Release|x86.ActiveCfg = Debug|Any CPU
		{AC26EDE1-2A42-4A57-BEEE-9603FCAC9317}.Release|Xbox 360.ActiveCfg = Debug|Any CPU
	EndGlobalSection
	GlobalSection(SolutionProperties) = preSolution
		HideSolutionNode = FALSE
	EndGlobalSection
	GlobalSection(ExtensibilityGlobals) = postSolution
		SolutionGuid = {AC994E1D-B94A-4C85-9A5E-E5CA8E72EF06}
	EndGlobalSection
EndGlobal
